
Microsoft Visual Studio Solution File, Format Version 12.00
# Visual Studio 15
VisualStudioVersion = 15.0.26730.0
MinimumVisualStudioVersion = 10.0.40219.1
Project("{9A19103F-16F7-4668-BE54-9A1E7A4F7556}") = "OLDSearchAThing.Core", "src\OLDSearchAThing.Core.csproj", "{70BC7122-A40D-4D2F-BEAA-C8345512ABED}"
EndProject
Global
	GlobalSection(SolutionConfigurationPlatforms) = preSolution
		Debug|Any CPU = Debug|Any CPU
		Release|Any CPU = Release|Any CPU
	EndGlobalSection
	GlobalSection(ProjectConfigurationPlatforms) = postSolution
		{70BC7122-A40D-4D2F-BEAA-C8345512ABED}.Debug|Any CPU.ActiveCfg = Debug|Any CPU
		{70BC7122-A40D-4D2F-BEAA-C8345512ABED}.Debug|Any CPU.Build.0 = Debug|Any CPU
		{70BC7122-A40D-4D2F-BEAA-C8345512ABED}.Release|Any CPU.ActiveCfg = Release|Any CPU
		{70BC7122-A40D-4D2F-BEAA-C8345512ABED}.Release|Any CPU.Build.0 = Release|Any CPU
	EndGlobalSection
	GlobalSection(SolutionProperties) = preSolution
		HideSolutionNode = FALSE
	EndGlobalSection
	GlobalSection(ExtensibilityGlobals) = postSolution
		SolutionGuid = {707952B4-577B-4938-93AF-F1068B34F210}
	EndGlobalSection
EndGlobal
